// !$*UTF8*$!
{
	archiveVersion = 1;
	classes = {
	};
	objectVersion = 56;
	objects = {

/* Begin PBXBuildFile section */
		6554DED22B72B33300343657 /* AppDelegate.swift in Sources */ = {isa = PBXBuildFile; fileRef = 6554DED12B72B33300343657 /* AppDelegate.swift */; };
		6554DED42B72B33300343657 /* SceneDelegate.swift in Sources */ = {isa = PBXBuildFile; fileRef = 6554DED32B72B33300343657 /* SceneDelegate.swift */; };
		6554DED62B72B33300343657 /* MainTabBarController.swift in Sources */ = {isa = PBXBuildFile; fileRef = 6554DED52B72B33300343657 /* MainTabBarController.swift */; };
		6554DEDB2B72B33400343657 /* Assets.xcassets in Resources */ = {isa = PBXBuildFile; fileRef = 6554DEDA2B72B33400343657 /* Assets.xcassets */; };
		6554DEDE2B72B33400343657 /* LaunchScreen.storyboard in Resources */ = {isa = PBXBuildFile; fileRef = 6554DEDC2B72B33400343657 /* LaunchScreen.storyboard */; };
		6554DEE62B72B48B00343657 /* DiscoverViewController.swift in Sources */ = {isa = PBXBuildFile; fileRef = 6554DEE52B72B48B00343657 /* DiscoverViewController.swift */; };
		6554DEE82B72B4A300343657 /* ComingSoonViewController.swift in Sources */ = {isa = PBXBuildFile; fileRef = 6554DEE72B72B4A300343657 /* ComingSoonViewController.swift */; };
		6554DEEA2B72B4E700343657 /* HomeViewController.swift in Sources */ = {isa = PBXBuildFile; fileRef = 6554DEE92B72B4E700343657 /* HomeViewController.swift */; };
		6554DEEC2B72B4FD00343657 /* DownloadsViewController.swift in Sources */ = {isa = PBXBuildFile; fileRef = 6554DEEB2B72B4FD00343657 /* DownloadsViewController.swift */; };
		6554DEEE2B72BC6300343657 /* DiscoverModel.swift in Sources */ = {isa = PBXBuildFile; fileRef = 6554DEED2B72BC6300343657 /* DiscoverModel.swift */; };
		6554DEF02B72BC7E00343657 /* DiscoverViewModel.swift in Sources */ = {isa = PBXBuildFile; fileRef = 6554DEEF2B72BC7E00343657 /* DiscoverViewModel.swift */; };
		6554DEF32B72BCC300343657 /* HomeModel.swift in Sources */ = {isa = PBXBuildFile; fileRef = 6554DEF22B72BCC300343657 /* HomeModel.swift */; };
		6554DEF52B72BCD200343657 /* HomeViewModel.swift in Sources */ = {isa = PBXBuildFile; fileRef = 6554DEF42B72BCD200343657 /* HomeViewModel.swift */; };
		6554DEF82B72BCFF00343657 /* ComingSoonModel.swift in Sources */ = {isa = PBXBuildFile; fileRef = 6554DEF72B72BCFF00343657 /* ComingSoonModel.swift */; };
		6554DEFA2B72BD0F00343657 /* ComingSoonViewModel.swift in Sources */ = {isa = PBXBuildFile; fileRef = 6554DEF92B72BD0F00343657 /* ComingSoonViewModel.swift */; };
		6554DEFD2B72BD3A00343657 /* DownloadsModel.swift in Sources */ = {isa = PBXBuildFile; fileRef = 6554DEFC2B72BD3A00343657 /* DownloadsModel.swift */; };
		6554DEFF2B72BD4B00343657 /* DownloadsViewModel.swift in Sources */ = {isa = PBXBuildFile; fileRef = 6554DEFE2B72BD4B00343657 /* DownloadsViewModel.swift */; };
		6554DF022B72BDBF00343657 /* UIImage + extension.swift in Sources */ = {isa = PBXBuildFile; fileRef = 6554DF012B72BDBF00343657 /* UIImage + extension.swift */; };
		6554DF092B72BEA900343657 /* NetworkRequest.swift in Sources */ = {isa = PBXBuildFile; fileRef = 6554DF082B72BEA900343657 /* NetworkRequest.swift */; };
		6554DF0C2B72BF0200343657 /* WebService.swift in Sources */ = {isa = PBXBuildFile; fileRef = 6554DF0B2B72BF0200343657 /* WebService.swift */; };
		6554DF0E2B740CC200343657 /* UIColor + extension.swift in Sources */ = {isa = PBXBuildFile; fileRef = 6554DF0D2B740CC200343657 /* UIColor + extension.swift */; };
		6554DF102B753F7400343657 /* MoviesTableViewCell.swift in Sources */ = {isa = PBXBuildFile; fileRef = 6554DF0F2B753F7400343657 /* MoviesTableViewCell.swift */; };
		6554DF122B75543B00343657 /* MovieCollectionViewCell.swift in Sources */ = {isa = PBXBuildFile; fileRef = 6554DF112B75543B00343657 /* MovieCollectionViewCell.swift */; };
		6554DF152B7939AA00343657 /* Kingfisher in Frameworks */ = {isa = PBXBuildFile; productRef = 6554DF142B7939AA00343657 /* Kingfisher */; };
		6554DF172B79420300343657 /* SeeAllViewController.swift in Sources */ = {isa = PBXBuildFile; fileRef = 6554DF162B79420300343657 /* SeeAllViewController.swift */; };
		6554DF192B7BDDC100343657 /* Double + extension.swift in Sources */ = {isa = PBXBuildFile; fileRef = 6554DF182B7BDDC100343657 /* Double + extension.swift */; };
		6554DF1B2B7BDE8300343657 /* SoonCollectionViewCell.swift in Sources */ = {isa = PBXBuildFile; fileRef = 6554DF1A2B7BDE8300343657 /* SoonCollectionViewCell.swift */; };
		6554DF1E2B7E6B5200343657 /* DetailsViewController.swift in Sources */ = {isa = PBXBuildFile; fileRef = 6554DF1D2B7E6B5200343657 /* DetailsViewController.swift */; };
		6554DF202B7E6B6D00343657 /* DetailsModel.swift in Sources */ = {isa = PBXBuildFile; fileRef = 6554DF1F2B7E6B6D00343657 /* DetailsModel.swift */; };
		6554DF222B7E6B8400343657 /* DetailsViewModel.swift in Sources */ = {isa = PBXBuildFile; fileRef = 6554DF212B7E6B8400343657 /* DetailsViewModel.swift */; };
		6554DF242B7E6EBF00343657 /* CustomDetailsView.swift in Sources */ = {isa = PBXBuildFile; fileRef = 6554DF232B7E6EBF00343657 /* CustomDetailsView.swift */; };
		6554DF262B82436600343657 /* MovieForGenreViewController.swift in Sources */ = {isa = PBXBuildFile; fileRef = 6554DF252B82436600343657 /* MovieForGenreViewController.swift */; };
		6554DF282B83B41200343657 /* MovieForGenresModel.swift in Sources */ = {isa = PBXBuildFile; fileRef = 6554DF272B83B41200343657 /* MovieForGenresModel.swift */; };
		6554DF2A2B83B45D00343657 /* MovieForGenresViewModel.swift in Sources */ = {isa = PBXBuildFile; fileRef = 6554DF292B83B45D00343657 /* MovieForGenresViewModel.swift */; };
		6554DF2C2B87A80200343657 /* VideoModel.swift in Sources */ = {isa = PBXBuildFile; fileRef = 6554DF2B2B87A80200343657 /* VideoModel.swift */; };
		655ABA682B8E637100168EB9 /* YouTubeiOSPlayerHelper in Frameworks */ = {isa = PBXBuildFile; productRef = 655ABA672B8E637100168EB9 /* YouTubeiOSPlayerHelper */; };
		655ABA6B2B8E63B000168EB9 /* YoutubeCell.swift in Sources */ = {isa = PBXBuildFile; fileRef = 655ABA692B8E63B000168EB9 /* YoutubeCell.swift */; };
		655ABA6C2B8E63B000168EB9 /* YoutubeCell.xib in Resources */ = {isa = PBXBuildFile; fileRef = 655ABA6A2B8E63B000168EB9 /* YoutubeCell.xib */; };
		655ABA6E2B92390C00168EB9 /* CastsModel.swift in Sources */ = {isa = PBXBuildFile; fileRef = 655ABA6D2B92390C00168EB9 /* CastsModel.swift */; };
		655ABA722B923B0600168EB9 /* MovieDetailsBaseTableCell.swift in Sources */ = {isa = PBXBuildFile; fileRef = 655ABA712B923B0600168EB9 /* MovieDetailsBaseTableCell.swift */; };
		655ABA742B92438B00168EB9 /* CastCollectionViewCell.swift in Sources */ = {isa = PBXBuildFile; fileRef = 655ABA732B92438B00168EB9 /* CastCollectionViewCell.swift */; };
		655ABA762B96323C00168EB9 /* SearchViewController.swift in Sources */ = {isa = PBXBuildFile; fileRef = 655ABA752B96323C00168EB9 /* SearchViewController.swift */; };
		655ABA7A2B97915000168EB9 /* SearchModel.swift in Sources */ = {isa = PBXBuildFile; fileRef = 655ABA792B97915000168EB9 /* SearchModel.swift */; };
		655ABA7C2B97915F00168EB9 /* SearchViewModel.swift in Sources */ = {isa = PBXBuildFile; fileRef = 655ABA7B2B97915F00168EB9 /* SearchViewModel.swift */; };
/* End PBXBuildFile section */

/* Begin PBXFileReference section */
		6554DECE2B72B33300343657 /* MovieApp.app */ = {isa = PBXFileReference; explicitFileType = wrapper.application; includeInIndex = 0; path = MovieApp.app; sourceTree = BUILT_PRODUCTS_DIR; };
		6554DED12B72B33300343657 /* AppDelegate.swift */ = {isa = PBXFileReference; lastKnownFileType = sourcecode.swift; path = AppDelegate.swift; sourceTree = "<group>"; };
		6554DED32B72B33300343657 /* SceneDelegate.swift */ = {isa = PBXFileReference; lastKnownFileType = sourcecode.swift; path = SceneDelegate.swift; sourceTree = "<group>"; };
		6554DED52B72B33300343657 /* MainTabBarController.swift */ = {isa = PBXFileReference; lastKnownFileType = sourcecode.swift; path = MainTabBarController.swift; sourceTree = "<group>"; };
		6554DEDA2B72B33400343657 /* Assets.xcassets */ = {isa = PBXFileReference; lastKnownFileType = folder.assetcatalog; path = Assets.xcassets; sourceTree = "<group>"; };
		6554DEDD2B72B33400343657 /* Base */ = {isa = PBXFileReference; lastKnownFileType = file.storyboard; name = Base; path = Base.lproj/LaunchScreen.storyboard; sourceTree = "<group>"; };
		6554DEDF2B72B33400343657 /* Info.plist */ = {isa = PBXFileReference; lastKnownFileType = text.plist.xml; path = Info.plist; sourceTree = "<group>"; };
		6554DEE52B72B48B00343657 /* DiscoverViewController.swift */ = {isa = PBXFileReference; lastKnownFileType = sourcecode.swift; path = DiscoverViewController.swift; sourceTree = "<group>"; };
		6554DEE72B72B4A300343657 /* ComingSoonViewController.swift */ = {isa = PBXFileReference; lastKnownFileType = sourcecode.swift; path = ComingSoonViewController.swift; sourceTree = "<group>"; };
		6554DEE92B72B4E700343657 /* HomeViewController.swift */ = {isa = PBXFileReference; lastKnownFileType = sourcecode.swift; path = HomeViewController.swift; sourceTree = "<group>"; };
		6554DEEB2B72B4FD00343657 /* DownloadsViewController.swift */ = {isa = PBXFileReference; lastKnownFileType = sourcecode.swift; path = DownloadsViewController.swift; sourceTree = "<group>"; };
		6554DEED2B72BC6300343657 /* DiscoverModel.swift */ = {isa = PBXFileReference; lastKnownFileType = sourcecode.swift; path = DiscoverModel.swift; sourceTree = "<group>"; };
		6554DEEF2B72BC7E00343657 /* DiscoverViewModel.swift */ = {isa = PBXFileReference; lastKnownFileType = sourcecode.swift; path = DiscoverViewModel.swift; sourceTree = "<group>"; };
		6554DEF22B72BCC300343657 /* HomeModel.swift */ = {isa = PBXFileReference; lastKnownFileType = sourcecode.swift; path = HomeModel.swift; sourceTree = "<group>"; };
		6554DEF42B72BCD200343657 /* HomeViewModel.swift */ = {isa = PBXFileReference; lastKnownFileType = sourcecode.swift; path = HomeViewModel.swift; sourceTree = "<group>"; };
		6554DEF72B72BCFF00343657 /* ComingSoonModel.swift */ = {isa = PBXFileReference; lastKnownFileType = sourcecode.swift; path = ComingSoonModel.swift; sourceTree = "<group>"; };
		6554DEF92B72BD0F00343657 /* ComingSoonViewModel.swift */ = {isa = PBXFileReference; lastKnownFileType = sourcecode.swift; path = ComingSoonViewModel.swift; sourceTree = "<group>"; };
		6554DEFC2B72BD3A00343657 /* DownloadsModel.swift */ = {isa = PBXFileReference; lastKnownFileType = sourcecode.swift; path = DownloadsModel.swift; sourceTree = "<group>"; };
		6554DEFE2B72BD4B00343657 /* DownloadsViewModel.swift */ = {isa = PBXFileReference; lastKnownFileType = sourcecode.swift; path = DownloadsViewModel.swift; sourceTree = "<group>"; };
		6554DF012B72BDBF00343657 /* UIImage + extension.swift */ = {isa = PBXFileReference; lastKnownFileType = sourcecode.swift; path = "UIImage + extension.swift"; sourceTree = "<group>"; };
		6554DF082B72BEA900343657 /* NetworkRequest.swift */ = {isa = PBXFileReference; lastKnownFileType = sourcecode.swift; path = NetworkRequest.swift; sourceTree = "<group>"; };
		6554DF0B2B72BF0200343657 /* WebService.swift */ = {isa = PBXFileReference; lastKnownFileType = sourcecode.swift; path = WebService.swift; sourceTree = "<group>"; };
		6554DF0D2B740CC200343657 /* UIColor + extension.swift */ = {isa = PBXFileReference; lastKnownFileType = sourcecode.swift; path = "UIColor + extension.swift"; sourceTree = "<group>"; };
		6554DF0F2B753F7400343657 /* MoviesTableViewCell.swift */ = {isa = PBXFileReference; lastKnownFileType = sourcecode.swift; path = MoviesTableViewCell.swift; sourceTree = "<group>"; };
		6554DF112B75543B00343657 /* MovieCollectionViewCell.swift */ = {isa = PBXFileReference; lastKnownFileType = sourcecode.swift; path = MovieCollectionViewCell.swift; sourceTree = "<group>"; };
		6554DF162B79420300343657 /* SeeAllViewController.swift */ = {isa = PBXFileReference; lastKnownFileType = sourcecode.swift; path = SeeAllViewController.swift; sourceTree = "<group>"; };
		6554DF182B7BDDC100343657 /* Double + extension.swift */ = {isa = PBXFileReference; lastKnownFileType = sourcecode.swift; path = "Double + extension.swift"; sourceTree = "<group>"; };
		6554DF1A2B7BDE8300343657 /* SoonCollectionViewCell.swift */ = {isa = PBXFileReference; lastKnownFileType = sourcecode.swift; path = SoonCollectionViewCell.swift; sourceTree = "<group>"; };
		6554DF1D2B7E6B5200343657 /* DetailsViewController.swift */ = {isa = PBXFileReference; lastKnownFileType = sourcecode.swift; path = DetailsViewController.swift; sourceTree = "<group>"; };
		6554DF1F2B7E6B6D00343657 /* DetailsModel.swift */ = {isa = PBXFileReference; lastKnownFileType = sourcecode.swift; path = DetailsModel.swift; sourceTree = "<group>"; };
		6554DF212B7E6B8400343657 /* DetailsViewModel.swift */ = {isa = PBXFileReference; lastKnownFileType = sourcecode.swift; path = DetailsViewModel.swift; sourceTree = "<group>"; };
		6554DF232B7E6EBF00343657 /* CustomDetailsView.swift */ = {isa = PBXFileReference; lastKnownFileType = sourcecode.swift; path = CustomDetailsView.swift; sourceTree = "<group>"; };
		6554DF252B82436600343657 /* MovieForGenreViewController.swift */ = {isa = PBXFileReference; lastKnownFileType = sourcecode.swift; path = MovieForGenreViewController.swift; sourceTree = "<group>"; };
		6554DF272B83B41200343657 /* MovieForGenresModel.swift */ = {isa = PBXFileReference; lastKnownFileType = sourcecode.swift; path = MovieForGenresModel.swift; sourceTree = "<group>"; };
		6554DF292B83B45D00343657 /* MovieForGenresViewModel.swift */ = {isa = PBXFileReference; lastKnownFileType = sourcecode.swift; path = MovieForGenresViewModel.swift; sourceTree = "<group>"; };
		6554DF2B2B87A80200343657 /* VideoModel.swift */ = {isa = PBXFileReference; lastKnownFileType = sourcecode.swift; path = VideoModel.swift; sourceTree = "<group>"; };
		655ABA692B8E63B000168EB9 /* YoutubeCell.swift */ = {isa = PBXFileReference; lastKnownFileType = sourcecode.swift; path = YoutubeCell.swift; sourceTree = "<group>"; };
		655ABA6A2B8E63B000168EB9 /* YoutubeCell.xib */ = {isa = PBXFileReference; lastKnownFileType = file.xib; path = YoutubeCell.xib; sourceTree = "<group>"; };
		655ABA6D2B92390C00168EB9 /* CastsModel.swift */ = {isa = PBXFileReference; lastKnownFileType = sourcecode.swift; path = CastsModel.swift; sourceTree = "<group>"; };
		655ABA712B923B0600168EB9 /* MovieDetailsBaseTableCell.swift */ = {isa = PBXFileReference; lastKnownFileType = sourcecode.swift; path = MovieDetailsBaseTableCell.swift; sourceTree = "<group>"; };
		655ABA732B92438B00168EB9 /* CastCollectionViewCell.swift */ = {isa = PBXFileReference; lastKnownFileType = sourcecode.swift; path = CastCollectionViewCell.swift; sourceTree = "<group>"; };
		655ABA752B96323C00168EB9 /* SearchViewController.swift */ = {isa = PBXFileReference; lastKnownFileType = sourcecode.swift; path = SearchViewController.swift; sourceTree = "<group>"; };
		655ABA792B97915000168EB9 /* SearchModel.swift */ = {isa = PBXFileReference; lastKnownFileType = sourcecode.swift; path = SearchModel.swift; sourceTree = "<group>"; };
		655ABA7B2B97915F00168EB9 /* SearchViewModel.swift */ = {isa = PBXFileReference; lastKnownFileType = sourcecode.swift; path = SearchViewModel.swift; sourceTree = "<group>"; };
/* End PBXFileReference section */

/* Begin PBXFrameworksBuildPhase section */
		6554DECB2B72B33300343657 /* Frameworks */ = {
			isa = PBXFrameworksBuildPhase;
			buildActionMask = 2147483647;
			files = (
				6554DF152B7939AA00343657 /* Kingfisher in Frameworks */,
				655ABA682B8E637100168EB9 /* YouTubeiOSPlayerHelper in Frameworks */,
			);
			runOnlyForDeploymentPostprocessing = 0;
		};
/* End PBXFrameworksBuildPhase section */

/* Begin PBXGroup section */
		6554DEC52B72B33300343657 = {
			isa = PBXGroup;
			children = (
				6554DED02B72B33300343657 /* MovieApp */,
				6554DECF2B72B33300343657 /* Products */,
			);
			sourceTree = "<group>";
		};
		6554DECF2B72B33300343657 /* Products */ = {
			isa = PBXGroup;
			children = (
				6554DECE2B72B33300343657 /* MovieApp.app */,
			);
			name = Products;
			sourceTree = "<group>";
		};
		6554DED02B72B33300343657 /* MovieApp */ = {
			isa = PBXGroup;
			children = (
				6554DED12B72B33300343657 /* AppDelegate.swift */,
				6554DED32B72B33300343657 /* SceneDelegate.swift */,
				6554DED52B72B33300343657 /* MainTabBarController.swift */,
				6554DEF62B72BCD700343657 /* HomeView */,
				6554DEF12B72BC8A00343657 /* DiscoverView */,
				655ABA782B97911F00168EB9 /* SearchView */,
				6554DEFB2B72BD1500343657 /* ComingSoonView */,
				6554DF002B72BD5700343657 /* DownloadsView */,
				6554DF032B72BDE300343657 /* Extensions */,
				6554DF0A2B72BEB000343657 /* Networking */,
				6554DEDA2B72B33400343657 /* Assets.xcassets */,
				6554DEDC2B72B33400343657 /* LaunchScreen.storyboard */,
				6554DEDF2B72B33400343657 /* Info.plist */,
			);
			path = MovieApp;
			sourceTree = "<group>";
		};
		6554DEF12B72BC8A00343657 /* DiscoverView */ = {
			isa = PBXGroup;
			children = (
				6554DEE52B72B48B00343657 /* DiscoverViewController.swift */,
				6554DEED2B72BC6300343657 /* DiscoverModel.swift */,
				6554DEEF2B72BC7E00343657 /* DiscoverViewModel.swift */,
				6554DF252B82436600343657 /* MovieForGenreViewController.swift */,
				6554DF272B83B41200343657 /* MovieForGenresModel.swift */,
				6554DF292B83B45D00343657 /* MovieForGenresViewModel.swift */,
			);
			path = DiscoverView;
			sourceTree = "<group>";
		};
		6554DEF62B72BCD700343657 /* HomeView */ = {
			isa = PBXGroup;
			children = (
				6554DEE92B72B4E700343657 /* HomeViewController.swift */,
				6554DF162B79420300343657 /* SeeAllViewController.swift */,
				6554DF0F2B753F7400343657 /* MoviesTableViewCell.swift */,
				6554DF112B75543B00343657 /* MovieCollectionViewCell.swift */,
				6554DEF22B72BCC300343657 /* HomeModel.swift */,
				6554DEF42B72BCD200343657 /* HomeViewModel.swift */,
				6554DF1C2B7E6B1100343657 /* DetailsView */,
			);
			path = HomeView;
			sourceTree = "<group>";
		};
		6554DEFB2B72BD1500343657 /* ComingSoonView */ = {
			isa = PBXGroup;
			children = (
				6554DEE72B72B4A300343657 /* ComingSoonViewController.swift */,
				6554DF1A2B7BDE8300343657 /* SoonCollectionViewCell.swift */,
				6554DEF72B72BCFF00343657 /* ComingSoonModel.swift */,
				6554DEF92B72BD0F00343657 /* ComingSoonViewModel.swift */,
			);
			path = ComingSoonView;
			sourceTree = "<group>";
		};
		6554DF002B72BD5700343657 /* DownloadsView */ = {
			isa = PBXGroup;
			children = (
				6554DEEB2B72B4FD00343657 /* DownloadsViewController.swift */,
				6554DEFC2B72BD3A00343657 /* DownloadsModel.swift */,
				6554DEFE2B72BD4B00343657 /* DownloadsViewModel.swift */,
			);
			path = DownloadsView;
			sourceTree = "<group>";
		};
		6554DF032B72BDE300343657 /* Extensions */ = {
			isa = PBXGroup;
			children = (
				6554DF012B72BDBF00343657 /* UIImage + extension.swift */,
				6554DF0D2B740CC200343657 /* UIColor + extension.swift */,
				6554DF182B7BDDC100343657 /* Double + extension.swift */,
			);
			path = Extensions;
			sourceTree = "<group>";
		};
		6554DF0A2B72BEB000343657 /* Networking */ = {
			isa = PBXGroup;
			children = (
				6554DF082B72BEA900343657 /* NetworkRequest.swift */,
				6554DF0B2B72BF0200343657 /* WebService.swift */,
			);
			path = Networking;
			sourceTree = "<group>";
		};
		6554DF1C2B7E6B1100343657 /* DetailsView */ = {
			isa = PBXGroup;
			children = (
				6554DF1D2B7E6B5200343657 /* DetailsViewController.swift */,
				6554DF232B7E6EBF00343657 /* CustomDetailsView.swift */,
				6554DF1F2B7E6B6D00343657 /* DetailsModel.swift */,
				6554DF212B7E6B8400343657 /* DetailsViewModel.swift */,
				6554DF2B2B87A80200343657 /* VideoModel.swift */,
				655ABA692B8E63B000168EB9 /* YoutubeCell.swift */,
				655ABA6A2B8E63B000168EB9 /* YoutubeCell.xib */,
				655ABA6D2B92390C00168EB9 /* CastsModel.swift */,
				655ABA712B923B0600168EB9 /* MovieDetailsBaseTableCell.swift */,
				655ABA732B92438B00168EB9 /* CastCollectionViewCell.swift */,
			);
			path = DetailsView;
			sourceTree = "<group>";
		};
		655ABA782B97911F00168EB9 /* SearchView */ = {
			isa = PBXGroup;
			children = (
				655ABA752B96323C00168EB9 /* SearchViewController.swift */,
				655ABA792B97915000168EB9 /* SearchModel.swift */,
				655ABA7B2B97915F00168EB9 /* SearchViewModel.swift */,
			);
			path = SearchView;
			sourceTree = "<group>";
		};
/* End PBXGroup section */

/* Begin PBXNativeTarget section */
		6554DECD2B72B33300343657 /* MovieApp */ = {
			isa = PBXNativeTarget;
			buildConfigurationList = 6554DEE22B72B33400343657 /* Build configuration list for PBXNativeTarget "MovieApp" */;
			buildPhases = (
				6554DECA2B72B33300343657 /* Sources */,
				6554DECB2B72B33300343657 /* Frameworks */,
				6554DECC2B72B33300343657 /* Resources */,
			);
			buildRules = (
			);
			dependencies = (
			);
			name = MovieApp;
			packageProductDependencies = (
				6554DF142B7939AA00343657 /* Kingfisher */,
				655ABA672B8E637100168EB9 /* YouTubeiOSPlayerHelper */,
			);
			productName = MovieApp;
			productReference = 6554DECE2B72B33300343657 /* MovieApp.app */;
			productType = "com.apple.product-type.application";
		};
/* End PBXNativeTarget section */

/* Begin PBXProject section */
		6554DEC62B72B33300343657 /* Project object */ = {
			isa = PBXProject;
			attributes = {
				BuildIndependentTargetsInParallel = 1;
				LastSwiftUpdateCheck = 1520;
				LastUpgradeCheck = 1520;
				TargetAttributes = {
					6554DECD2B72B33300343657 = {
						CreatedOnToolsVersion = 15.2;
					};
				};
			};
			buildConfigurationList = 6554DEC92B72B33300343657 /* Build configuration list for PBXProject "MovieApp" */;
			compatibilityVersion = "Xcode 14.0";
			developmentRegion = en;
			hasScannedForEncodings = 0;
			knownRegions = (
				en,
				Base,
			);
			mainGroup = 6554DEC52B72B33300343657;
			packageReferences = (
				6554DF132B7939AA00343657 /* XCRemoteSwiftPackageReference "Kingfisher" */,
				655ABA662B8E637100168EB9 /* XCRemoteSwiftPackageReference "youtube-ios-player-helper" */,
			);
			productRefGroup = 6554DECF2B72B33300343657 /* Products */;
			projectDirPath = "";
			projectRoot = "";
			targets = (
				6554DECD2B72B33300343657 /* MovieApp */,
			);
		};
/* End PBXProject section */

/* Begin PBXResourcesBuildPhase section */
		6554DECC2B72B33300343657 /* Resources */ = {
			isa = PBXResourcesBuildPhase;
			buildActionMask = 2147483647;
			files = (
				6554DEDE2B72B33400343657 /* LaunchScreen.storyboard in Resources */,
				655ABA6C2B8E63B000168EB9 /* YoutubeCell.xib in Resources */,
				6554DEDB2B72B33400343657 /* Assets.xcassets in Resources */,
			);
			runOnlyForDeploymentPostprocessing = 0;
		};
/* End PBXResourcesBuildPhase section */

/* Begin PBXSourcesBuildPhase section */
		6554DECA2B72B33300343657 /* Sources */ = {
			isa = PBXSourcesBuildPhase;
			buildActionMask = 2147483647;
			files = (
				6554DF172B79420300343657 /* SeeAllViewController.swift in Sources */,
				6554DED62B72B33300343657 /* MainTabBarController.swift in Sources */,
				6554DF0E2B740CC200343657 /* UIColor + extension.swift in Sources */,
				6554DF102B753F7400343657 /* MoviesTableViewCell.swift in Sources */,
				6554DEF52B72BCD200343657 /* HomeViewModel.swift in Sources */,
				6554DEE62B72B48B00343657 /* DiscoverViewController.swift in Sources */,
				6554DF192B7BDDC100343657 /* Double + extension.swift in Sources */,
				6554DEEC2B72B4FD00343657 /* DownloadsViewController.swift in Sources */,
				6554DEF02B72BC7E00343657 /* DiscoverViewModel.swift in Sources */,
				6554DED22B72B33300343657 /* AppDelegate.swift in Sources */,
				6554DEE82B72B4A300343657 /* ComingSoonViewController.swift in Sources */,
				655ABA6B2B8E63B000168EB9 /* YoutubeCell.swift in Sources */,
				6554DED42B72B33300343657 /* SceneDelegate.swift in Sources */,
				6554DEEE2B72BC6300343657 /* DiscoverModel.swift in Sources */,
				655ABA6E2B92390C00168EB9 /* CastsModel.swift in Sources */,
				6554DEFD2B72BD3A00343657 /* DownloadsModel.swift in Sources */,
				6554DEFA2B72BD0F00343657 /* ComingSoonViewModel.swift in Sources */,
				6554DF0C2B72BF0200343657 /* WebService.swift in Sources */,
				655ABA7C2B97915F00168EB9 /* SearchViewModel.swift in Sources */,
				655ABA722B923B0600168EB9 /* MovieDetailsBaseTableCell.swift in Sources */,
				6554DEF82B72BCFF00343657 /* ComingSoonModel.swift in Sources */,
				6554DEF32B72BCC300343657 /* HomeModel.swift in Sources */,
				6554DF022B72BDBF00343657 /* UIImage + extension.swift in Sources */,
				6554DF2C2B87A80200343657 /* VideoModel.swift in Sources */,
				6554DF1E2B7E6B5200343657 /* DetailsViewController.swift in Sources */,
				6554DEEA2B72B4E700343657 /* HomeViewController.swift in Sources */,
				6554DF2A2B83B45D00343657 /* MovieForGenresViewModel.swift in Sources */,
				655ABA762B96323C00168EB9 /* SearchViewController.swift in Sources */,
				6554DF122B75543B00343657 /* MovieCollectionViewCell.swift in Sources */,
				6554DF242B7E6EBF00343657 /* CustomDetailsView.swift in Sources */,
				6554DF262B82436600343657 /* MovieForGenreViewController.swift in Sources */,
				6554DF202B7E6B6D00343657 /* DetailsModel.swift in Sources */,
				6554DF1B2B7BDE8300343657 /* SoonCollectionViewCell.swift in Sources */,
				6554DF282B83B41200343657 /* MovieForGenresModel.swift in Sources */,
				6554DF092B72BEA900343657 /* NetworkRequest.swift in Sources */,
				655ABA742B92438B00168EB9 /* CastCollectionViewCell.swift in Sources */,
				655ABA7A2B97915000168EB9 /* SearchModel.swift in Sources */,
				6554DEFF2B72BD4B00343657 /* DownloadsViewModel.swift in Sources */,
				6554DF222B7E6B8400343657 /* DetailsViewModel.swift in Sources */,
			);
			runOnlyForDeploymentPostprocessing = 0;
		};
/* End PBXSourcesBuildPhase section */

/* Begin PBXVariantGroup section */
		6554DEDC2B72B33400343657 /* LaunchScreen.storyboard */ = {
			isa = PBXVariantGroup;
			children = (
				6554DEDD2B72B33400343657 /* Base */,
			);
			name = LaunchScreen.storyboard;
			sourceTree = "<group>";
		};
/* End PBXVariantGroup section */

/* Begin XCBuildConfiguration section */
		6554DEE02B72B33400343657 /* Debug */ = {
			isa = XCBuildConfiguration;
			buildSettings = {
				ALWAYS_SEARCH_USER_PATHS = NO;
				ASSETCATALOG_COMPILER_GENERATE_SWIFT_ASSET_SYMBOL_EXTENSIONS = YES;
				CLANG_ANALYZER_NONNULL = YES;
				CLANG_ANALYZER_NUMBER_OBJECT_CONVERSION = YES_AGGRESSIVE;
				CLANG_CXX_LANGUAGE_STANDARD = "gnu++20";
				CLANG_ENABLE_MODULES = YES;
				CLANG_ENABLE_OBJC_ARC = YES;
				CLANG_ENABLE_OBJC_WEAK = YES;
				CLANG_WARN_BLOCK_CAPTURE_AUTORELEASING = YES;
				CLANG_WARN_BOOL_CONVERSION = YES;
				CLANG_WARN_COMMA = YES;
				CLANG_WARN_CONSTANT_CONVERSION = YES;
				CLANG_WARN_DEPRECATED_OBJC_IMPLEMENTATIONS = YES;
				CLANG_WARN_DIRECT_OBJC_ISA_USAGE = YES_ERROR;
				CLANG_WARN_DOCUMENTATION_COMMENTS = YES;
				CLANG_WARN_EMPTY_BODY = YES;
				CLANG_WARN_ENUM_CONVERSION = YES;
				CLANG_WARN_INFINITE_RECURSION = YES;
				CLANG_WARN_INT_CONVERSION = YES;
				CLANG_WARN_NON_LITERAL_NULL_CONVERSION = YES;
				CLANG_WARN_OBJC_IMPLICIT_RETAIN_SELF = YES;
				CLANG_WARN_OBJC_LITERAL_CONVERSION = YES;
				CLANG_WARN_OBJC_ROOT_CLASS = YES_ERROR;
				CLANG_WARN_QUOTED_INCLUDE_IN_FRAMEWORK_HEADER = YES;
				CLANG_WARN_RANGE_LOOP_ANALYSIS = YES;
				CLANG_WARN_STRICT_PROTOTYPES = YES;
				CLANG_WARN_SUSPICIOUS_MOVE = YES;
				CLANG_WARN_UNGUARDED_AVAILABILITY = YES_AGGRESSIVE;
				CLANG_WARN_UNREACHABLE_CODE = YES;
				CLANG_WARN__DUPLICATE_METHOD_MATCH = YES;
				COPY_PHASE_STRIP = NO;
				DEBUG_INFORMATION_FORMAT = dwarf;
				ENABLE_STRICT_OBJC_MSGSEND = YES;
				ENABLE_TESTABILITY = YES;
				ENABLE_USER_SCRIPT_SANDBOXING = YES;
				GCC_C_LANGUAGE_STANDARD = gnu17;
				GCC_DYNAMIC_NO_PIC = NO;
				GCC_NO_COMMON_BLOCKS = YES;
				GCC_OPTIMIZATION_LEVEL = 0;
				GCC_PREPROCESSOR_DEFINITIONS = (
					"DEBUG=1",
					"$(inherited)",
				);
				GCC_WARN_64_TO_32_BIT_CONVERSION = YES;
				GCC_WARN_ABOUT_RETURN_TYPE = YES_ERROR;
				GCC_WARN_UNDECLARED_SELECTOR = YES;
				GCC_WARN_UNINITIALIZED_AUTOS = YES_AGGRESSIVE;
				GCC_WARN_UNUSED_FUNCTION = YES;
				GCC_WARN_UNUSED_VARIABLE = YES;
				IPHONEOS_DEPLOYMENT_TARGET = 17.2;
				LOCALIZATION_PREFERS_STRING_CATALOGS = YES;
				MTL_ENABLE_DEBUG_INFO = INCLUDE_SOURCE;
				MTL_FAST_MATH = YES;
				ONLY_ACTIVE_ARCH = YES;
				SDKROOT = iphoneos;
				SWIFT_ACTIVE_COMPILATION_CONDITIONS = "DEBUG $(inherited)";
				SWIFT_OPTIMIZATION_LEVEL = "-Onone";
			};
			name = Debug;
		};
		6554DEE12B72B33400343657 /* Release */ = {
			isa = XCBuildConfiguration;
			buildSettings = {
				ALWAYS_SEARCH_USER_PATHS = NO;
				ASSETCATALOG_COMPILER_GENERATE_SWIFT_ASSET_SYMBOL_EXTENSIONS = YES;
				CLANG_ANALYZER_NONNULL = YES;
				CLANG_ANALYZER_NUMBER_OBJECT_CONVERSION = YES_AGGRESSIVE;
				CLANG_CXX_LANGUAGE_STANDARD = "gnu++20";
				CLANG_ENABLE_MODULES = YES;
				CLANG_ENABLE_OBJC_ARC = YES;
				CLANG_ENABLE_OBJC_WEAK = YES;
				CLANG_WARN_BLOCK_CAPTURE_AUTORELEASING = YES;
				CLANG_WARN_BOOL_CONVERSION = YES;
				CLANG_WARN_COMMA = YES;
				CLANG_WARN_CONSTANT_CONVERSION = YES;
				CLANG_WARN_DEPRECATED_OBJC_IMPLEMENTATIONS = YES;
				CLANG_WARN_DIRECT_OBJC_ISA_USAGE = YES_ERROR;
				CLANG_WARN_DOCUMENTATION_COMMENTS = YES;
				CLANG_WARN_EMPTY_BODY = YES;
				CLANG_WARN_ENUM_CONVERSION = YES;
				CLANG_WARN_INFINITE_RECURSION = YES;
				CLANG_WARN_INT_CONVERSION = YES;
				CLANG_WARN_NON_LITERAL_NULL_CONVERSION = YES;
				CLANG_WARN_OBJC_IMPLICIT_RETAIN_SELF = YES;
				CLANG_WARN_OBJC_LITERAL_CONVERSION = YES;
				CLANG_WARN_OBJC_ROOT_CLASS = YES_ERROR;
				CLANG_WARN_QUOTED_INCLUDE_IN_FRAMEWORK_HEADER = YES;
				CLANG_WARN_RANGE_LOOP_ANALYSIS = YES;
				CLANG_WARN_STRICT_PROTOTYPES = YES;
				CLANG_WARN_SUSPICIOUS_MOVE = YES;
				CLANG_WARN_UNGUARDED_AVAILABILITY = YES_AGGRESSIVE;
				CLANG_WARN_UNREACHABLE_CODE = YES;
				CLANG_WARN__DUPLICATE_METHOD_MATCH = YES;
				COPY_PHASE_STRIP = NO;
				DEBUG_INFORMATION_FORMAT = "dwarf-with-dsym";
				ENABLE_NS_ASSERTIONS = NO;
				ENABLE_STRICT_OBJC_MSGSEND = YES;
				ENABLE_USER_SCRIPT_SANDBOXING = YES;
				GCC_C_LANGUAGE_STANDARD = gnu17;
				GCC_NO_COMMON_BLOCKS = YES;
				GCC_WARN_64_TO_32_BIT_CONVERSION = YES;
				GCC_WARN_ABOUT_RETURN_TYPE = YES_ERROR;
				GCC_WARN_UNDECLARED_SELECTOR = YES;
				GCC_WARN_UNINITIALIZED_AUTOS = YES_AGGRESSIVE;
				GCC_WARN_UNUSED_FUNCTION = YES;
				GCC_WARN_UNUSED_VARIABLE = YES;
				IPHONEOS_DEPLOYMENT_TARGET = 17.2;
				LOCALIZATION_PREFERS_STRING_CATALOGS = YES;
				MTL_ENABLE_DEBUG_INFO = NO;
				MTL_FAST_MATH = YES;
				SDKROOT = iphoneos;
				SWIFT_COMPILATION_MODE = wholemodule;
				VALIDATE_PRODUCT = YES;
			};
			name = Release;
		};
		6554DEE32B72B33400343657 /* Debug */ = {
			isa = XCBuildConfiguration;
			buildSettings = {
				ASSETCATALOG_COMPILER_APPICON_NAME = AppIcon;
				ASSETCATALOG_COMPILER_GLOBAL_ACCENT_COLOR_NAME = AccentColor;
				CODE_SIGN_IDENTITY = "Apple Development";
				CODE_SIGN_STYLE = Automatic;
				CURRENT_PROJECT_VERSION = 1;
				DEVELOPMENT_TEAM = J2TSXCG94G;
				GENERATE_INFOPLIST_FILE = YES;
				INFOPLIST_FILE = MovieApp/Info.plist;
				INFOPLIST_KEY_UIApplicationSupportsIndirectInputEvents = YES;
				INFOPLIST_KEY_UILaunchStoryboardName = LaunchScreen;
				INFOPLIST_KEY_UISupportedInterfaceOrientations = UIInterfaceOrientationPortrait;
				INFOPLIST_KEY_UISupportedInterfaceOrientations_iPad = "UIInterfaceOrientationLandscapeLeft UIInterfaceOrientationLandscapeRight UIInterfaceOrientationPortrait UIInterfaceOrientationPortraitUpsideDown";
				LD_RUNPATH_SEARCH_PATHS = (
					"$(inherited)",
					"@executable_path/Frameworks",
				);
				MARKETING_VERSION = 1.0;
				PRODUCT_BUNDLE_IDENTIFIER = milastr.MovieApp;
				PRODUCT_NAME = "$(TARGET_NAME)";
				PROVISIONING_PROFILE_SPECIFIER = "";
				SUPPORTED_PLATFORMS = "iphoneos iphonesimulator";
				SUPPORTS_MACCATALYST = NO;
				SUPPORTS_MAC_DESIGNED_FOR_IPHONE_IPAD = NO;
				SUPPORTS_XR_DESIGNED_FOR_IPHONE_IPAD = NO;
				SWIFT_EMIT_LOC_STRINGS = YES;
				SWIFT_VERSION = 5.0;
				TARGETED_DEVICE_FAMILY = 1;
			};
			name = Debug;
		};
		6554DEE42B72B33400343657 /* Release */ = {
			isa = XCBuildConfiguration;
			buildSettings = {
				ASSETCATALOG_COMPILER_APPICON_NAME = AppIcon;
				ASSETCATALOG_COMPILER_GLOBAL_ACCENT_COLOR_NAME = AccentColor;
				CODE_SIGN_IDENTITY = "Apple Development";
				CODE_SIGN_STYLE = Automatic;
				CURRENT_PROJECT_VERSION = 1;
				DEVELOPMENT_TEAM = J2TSXCG94G;
				GENERATE_INFOPLIST_FILE = YES;
				INFOPLIST_FILE = MovieApp/Info.plist;
				INFOPLIST_KEY_UIApplicationSupportsIndirectInputEvents = YES;
				INFOPLIST_KEY_UILaunchStoryboardName = LaunchScreen;
				INFOPLIST_KEY_UISupportedInterfaceOrientations = UIInterfaceOrientationPortrait;
				INFOPLIST_KEY_UISupportedInterfaceOrientations_iPad = "UIInterfaceOrientationLandscapeLeft UIInterfaceOrientationLandscapeRight UIInterfaceOrientationPortrait UIInterfaceOrientationPortraitUpsideDown";
				LD_RUNPATH_SEARCH_PATHS = (
					"$(inherited)",
					"@executable_path/Frameworks",
				);
				MARKETING_VERSION = 1.0;
				PRODUCT_BUNDLE_IDENTIFIER = milastr.MovieApp;
				PRODUCT_NAME = "$(TARGET_NAME)";
				PROVISIONING_PROFILE_SPECIFIER = "";
				SUPPORTED_PLATFORMS = "iphoneos iphonesimulator";
				SUPPORTS_MACCATALYST = NO;
				SUPPORTS_MAC_DESIGNED_FOR_IPHONE_IPAD = NO;
				SUPPORTS_XR_DESIGNED_FOR_IPHONE_IPAD = NO;
				SWIFT_EMIT_LOC_STRINGS = YES;
				SWIFT_VERSION = 5.0;
				TARGETED_DEVICE_FAMILY = 1;
			};
			name = Release;
		};
/* End XCBuildConfiguration section */

/* Begin XCConfigurationList section */
		6554DEC92B72B33300343657 /* Build configuration list for PBXProject "MovieApp" */ = {
			isa = XCConfigurationList;
			buildConfigurations = (
				6554DEE02B72B33400343657 /* Debug */,
				6554DEE12B72B33400343657 /* Release */,
			);
			defaultConfigurationIsVisible = 0;
			defaultConfigurationName = Release;
		};
		6554DEE22B72B33400343657 /* Build configuration list for PBXNativeTarget "MovieApp" */ = {
			isa = XCConfigurationList;
			buildConfigurations = (
				6554DEE32B72B33400343657 /* Debug */,
				6554DEE42B72B33400343657 /* Release */,
			);
			defaultConfigurationIsVisible = 0;
			defaultConfigurationName = Release;
		};
/* End XCConfigurationList section */

/* Begin XCRemoteSwiftPackageReference section */
		6554DF132B7939AA00343657 /* XCRemoteSwiftPackageReference "Kingfisher" */ = {
			isa = XCRemoteSwiftPackageReference;
			repositoryURL = "https://github.com/onevcat/Kingfisher.git";
			requirement = {
				kind = upToNextMajorVersion;
				minimumVersion = 7.10.2;
			};
		};
		655ABA662B8E637100168EB9 /* XCRemoteSwiftPackageReference "youtube-ios-player-helper" */ = {
			isa = XCRemoteSwiftPackageReference;
			repositoryURL = "https://github.com/youtube/youtube-ios-player-helper.git";
			requirement = {
				kind = upToNextMajorVersion;
				minimumVersion = 1.0.4;
			};
		};
/* End XCRemoteSwiftPackageReference section */

/* Begin XCSwiftPackageProductDependency section */
		6554DF142B7939AA00343657 /* Kingfisher */ = {
			isa = XCSwiftPackageProductDependency;
			package = 6554DF132B7939AA00343657 /* XCRemoteSwiftPackageReference "Kingfisher" */;
			productName = Kingfisher;
		};
		655ABA672B8E637100168EB9 /* YouTubeiOSPlayerHelper */ = {
			isa = XCSwiftPackageProductDependency;
			package = 655ABA662B8E637100168EB9 /* XCRemoteSwiftPackageReference "youtube-ios-player-helper" */;
			productName = YouTubeiOSPlayerHelper;
		};
/* End XCSwiftPackageProductDependency section */
	};
	rootObject = 6554DEC62B72B33300343657 /* Project object */;
}
